// !$*UTF8*$!
{
	archiveVersion = 1;
	classes = {
	};
	objectVersion = 77;
	objects = {

/* Begin PBXBuildFile section */
		1A2D36152E4AADF00015A19C /* RPKeyboard.appex in Embed Foundation Extensions */ = {isa = PBXBuildFile; fileRef = 1A2D360E2E4AADF00015A19C /* RPKeyboard.appex */; settings = {ATTRIBUTES = (RemoveHeadersOnCopy, ); }; };
/* End PBXBuildFile section */

/* Begin PBXContainerItemProxy section */
		1A2D35EE2E4AAD7F0015A19C /* PBXContainerItemProxy */ = {
			isa = PBXContainerItemProxy;
			containerPortal = 1A2D35D82E4AAD7D0015A19C /* Project object */;
			proxyType = 1;
			remoteGlobalIDString = 1A2D35DF2E4AAD7D0015A19C;
			remoteInfo = RedPandaShuangpin;
		};
		1A2D35F82E4AAD7F0015A19C /* PBXContainerItemProxy */ = {
			isa = PBXContainerItemProxy;
			containerPortal = 1A2D35D82E4AAD7D0015A19C /* Project object */;
			proxyType = 1;
			remoteGlobalIDString = 1A2D35DF2E4AAD7D0015A19C;
			remoteInfo = RedPandaShuangpin;
		};
		1A2D36132E4AADF00015A19C /* PBXContainerItemProxy */ = {
			isa = PBXContainerItemProxy;
			containerPortal = 1A2D35D82E4AAD7D0015A19C /* Project object */;
			proxyType = 1;
			remoteGlobalIDString = 1A2D360D2E4AADF00015A19C;
			remoteInfo = RPKeyboard;
		};
/* End PBXContainerItemProxy section */

/* Begin PBXCopyFilesBuildPhase section */
		1A2D361A2E4AADF00015A19C /* Embed Foundation Extensions */ = {
			isa = PBXCopyFilesBuildPhase;
			buildActionMask = 2147483647;
			dstPath = "";
			dstSubfolderSpec = 13;
			files = (
				1A2D36152E4AADF00015A19C /* RPKeyboard.appex in Embed Foundation Extensions */,
			);
			name = "Embed Foundation Extensions";
			runOnlyForDeploymentPostprocessing = 0;
		};
/* End PBXCopyFilesBuildPhase section */

/* Begin PBXFileReference section */
		1A2D35E02E4AAD7D0015A19C /* RedPandaShuangpin.app */ = {isa = PBXFileReference; explicitFileType = wrapper.application; includeInIndex = 0; path = RedPandaShuangpin.app; sourceTree = BUILT_PRODUCTS_DIR; };
		1A2D35ED2E4AAD7F0015A19C /* RedPandaShuangpinTests.xctest */ = {isa = PBXFileReference; explicitFileType = wrapper.cfbundle; includeInIndex = 0; path = RedPandaShuangpinTests.xctest; sourceTree = BUILT_PRODUCTS_DIR; };
		1A2D35F72E4AAD7F0015A19C /* RedPandaShuangpinUITests.xctest */ = {isa = PBXFileReference; explicitFileType = wrapper.cfbundle; includeInIndex = 0; path = RedPandaShuangpinUITests.xctest; sourceTree = BUILT_PRODUCTS_DIR; };
		1A2D360E2E4AADF00015A19C /* RPKeyboard.appex */ = {isa = PBXFileReference; explicitFileType = "wrapper.app-extension"; includeInIndex = 0; path = RPKeyboard.appex; sourceTree = BUILT_PRODUCTS_DIR; };
/* End PBXFileReference section */

/* Begin PBXFileSystemSynchronizedBuildFileExceptionSet section */
		1A2D36162E4AADF00015A19C /* Exceptions for "RPKeyboard" folder in "RPKeyboard" target */ = {
			isa = PBXFileSystemSynchronizedBuildFileExceptionSet;
			membershipExceptions = (
				Info.plist,
			);
			target = 1A2D360D2E4AADF00015A19C /* RPKeyboard */;
		};
/* End PBXFileSystemSynchronizedBuildFileExceptionSet section */

/* Begin PBXFileSystemSynchronizedRootGroup section */
		1A2D35E22E4AAD7D0015A19C /* RedPandaShuangpin */ = {
			isa = PBXFileSystemSynchronizedRootGroup;
			path = RedPandaShuangpin;
			sourceTree = "<group>";
		};
		1A2D35F02E4AAD7F0015A19C /* RedPandaShuangpinTests */ = {
			isa = PBXFileSystemSynchronizedRootGroup;
			path = RedPandaShuangpinTests;
			sourceTree = "<group>";
		};
		1A2D35FA2E4AAD7F0015A19C /* RedPandaShuangpinUITests */ = {
			isa = PBXFileSystemSynchronizedRootGroup;
			path = RedPandaShuangpinUITests;
			sourceTree = "<group>";
		};
		1A2D360F2E4AADF00015A19C /* RPKeyboard */ = {
			isa = PBXFileSystemSynchronizedRootGroup;
			exceptions = (
				1A2D36162E4AADF00015A19C /* Exceptions for "RPKeyboard" folder in "RPKeyboard" target */,
			);
			path = RPKeyboard;
			sourceTree = "<group>";
		};
/* End PBXFileSystemSynchronizedRootGroup section */

/* Begin PBXFrameworksBuildPhase section */
		1A2D35DD2E4AAD7D0015A19C /* Frameworks */ = {
			isa = PBXFrameworksBuildPhase;
			buildActionMask = 2147483647;
			files = (
			);
			runOnlyForDeploymentPostprocessing = 0;
		};
		1A2D35EA2E4AAD7F0015A19C /* Frameworks */ = {
			isa = PBXFrameworksBuildPhase;
			buildActionMask = 2147483647;
			files = (
			);
			runOnlyForDeploymentPostprocessing = 0;
		};
		1A2D35F42E4AAD7F0015A19C /* Frameworks */ = {
			isa = PBXFrameworksBuildPhase;
			buildActionMask = 2147483647;
			files = (
			);
			runOnlyForDeploymentPostprocessing = 0;
		};
		1A2D360B2E4AADF00015A19C /* Frameworks */ = {
			isa = PBXFrameworksBuildPhase;
			buildActionMask = 2147483647;
			files = (
			);
			runOnlyForDeploymentPostprocessing = 0;
		};
/* End PBXFrameworksBuildPhase section */

/* Begin PBXGroup section */
		1A2D35D72E4AAD7D0015A19C = {
			isa = PBXGroup;
			children = (
				1A2D35E22E4AAD7D0015A19C /* RedPandaShuangpin */,
				1A2D35F02E4AAD7F0015A19C /* RedPandaShuangpinTests */,
				1A2D35FA2E4AAD7F0015A19C /* RedPandaShuangpinUITests */,
				1A2D360F2E4AADF00015A19C /* RPKeyboard */,
				1A2D35E12E4AAD7D0015A19C /* Products */,
			);
			sourceTree = "<group>";
		};
		1A2D35E12E4AAD7D0015A19C /* Products */ = {
			isa = PBXGroup;
			children = (
				1A2D35E02E4AAD7D0015A19C /* RedPandaShuangpin.app */,
				1A2D35ED2E4AAD7F0015A19C /* RedPandaShuangpinTests.xctest */,
				1A2D35F72E4AAD7F0015A19C /* RedPandaShuangpinUITests.xctest */,
				1A2D360E2E4AADF00015A19C /* RPKeyboard.appex */,
			);
			name = Products;
			sourceTree = "<group>";
		};
/* End PBXGroup section */

/* Begin PBXNativeTarget section */
		1A2D35DF2E4AAD7D0015A19C /* RedPandaShuangpin */ = {
			isa = PBXNativeTarget;
			buildConfigurationList = 1A2D36012E4AAD7F0015A19C /* Build configuration list for PBXNativeTarget "RedPandaShuangpin" */;
			buildPhases = (
				1A2D35DC2E4AAD7D0015A19C /* Sources */,
				1A2D35DD2E4AAD7D0015A19C /* Frameworks */,
				1A2D35DE2E4AAD7D0015A19C /* Resources */,
				1A2D361A2E4AADF00015A19C /* Embed Foundation Extensions */,
			);
			buildRules = (
			);
			dependencies = (
				1A2D36142E4AADF00015A19C /* PBXTargetDependency */,
			);
			fileSystemSynchronizedGroups = (
				1A2D35E22E4AAD7D0015A19C /* RedPandaShuangpin */,
			);
			name = RedPandaShuangpin;
			packageProductDependencies = (
			);
			productName = RedPandaShuangpin;
			productReference = 1A2D35E02E4AAD7D0015A19C /* RedPandaShuangpin.app */;
			productType = "com.apple.product-type.application";
		};
		1A2D35EC2E4AAD7F0015A19C /* RedPandaShuangpinTests */ = {
			isa = PBXNativeTarget;
			buildConfigurationList = 1A2D36042E4AAD7F0015A19C /* Build configuration list for PBXNativeTarget "RedPandaShuangpinTests" */;
			buildPhases = (
				1A2D35E92E4AAD7F0015A19C /* Sources */,
				1A2D35EA2E4AAD7F0015A19C /* Frameworks */,
				1A2D35EB2E4AAD7F0015A19C /* Resources */,
			);
			buildRules = (
			);
			dependencies = (
				1A2D35EF2E4AAD7F0015A19C /* PBXTargetDependency */,
			);
			fileSystemSynchronizedGroups = (
				1A2D35F02E4AAD7F0015A19C /* RedPandaShuangpinTests */,
			);
			name = RedPandaShuangpinTests;
			packageProductDependencies = (
			);
			productName = RedPandaShuangpinTests;
			productReference = 1A2D35ED2E4AAD7F0015A19C /* RedPandaShuangpinTests.xctest */;
			productType = "com.apple.product-type.bundle.unit-test";
		};
		1A2D35F62E4AAD7F0015A19C /* RedPandaShuangpinUITests */ = {
			isa = PBXNativeTarget;
			buildConfigurationList = 1A2D36072E4AAD7F0015A19C /* Build configuration list for PBXNativeTarget "RedPandaShuangpinUITests" */;
			buildPhases = (
				1A2D35F32E4AAD7F0015A19C /* Sources */,
				1A2D35F42E4AAD7F0015A19C /* Frameworks */,
				1A2D35F52E4AAD7F0015A19C /* Resources */,
			);
			buildRules = (
			);
			dependencies = (
				1A2D35F92E4AAD7F0015A19C /* PBXTargetDependency */,
			);
			fileSystemSynchronizedGroups = (
				1A2D35FA2E4AAD7F0015A19C /* RedPandaShuangpinUITests */,
			);
			name = RedPandaShuangpinUITests;
			packageProductDependencies = (
			);
			productName = RedPandaShuangpinUITests;
			productReference = 1A2D35F72E4AAD7F0015A19C /* RedPandaShuangpinUITests.xctest */;
			productType = "com.apple.product-type.bundle.ui-testing";
		};
		1A2D360D2E4AADF00015A19C /* RPKeyboard */ = {
			isa = PBXNativeTarget;
			buildConfigurationList = 1A2D36172E4AADF00015A19C /* Build configuration list for PBXNativeTarget "RPKeyboard" */;
			buildPhases = (
				1A2D360A2E4AADF00015A19C /* Sources */,
				1A2D360B2E4AADF00015A19C /* Frameworks */,
				1A2D360C2E4AADF00015A19C /* Resources */,
			);
			buildRules = (
			);
			dependencies = (
			);
			fileSystemSynchronizedGroups = (
				1A2D360F2E4AADF00015A19C /* RPKeyboard */,
			);
			name = RPKeyboard;
			packageProductDependencies = (
			);
			productName = RPKeyboard;
			productReference = 1A2D360E2E4AADF00015A19C /* RPKeyboard.appex */;
			productType = "com.apple.product-type.app-extension";
		};
/* End PBXNativeTarget section */

/* Begin PBXProject section */
		1A2D35D82E4AAD7D0015A19C /* Project object */ = {
			isa = PBXProject;
			attributes = {
				BuildIndependentTargetsInParallel = 1;
				LastSwiftUpdateCheck = 1640;
				LastUpgradeCheck = 1640;
				TargetAttributes = {
					1A2D35DF2E4AAD7D0015A19C = {
						CreatedOnToolsVersion = 16.4;
					};
					1A2D35EC2E4AAD7F0015A19C = {
						CreatedOnToolsVersion = 16.4;
						TestTargetID = 1A2D35DF2E4AAD7D0015A19C;
					};
					1A2D35F62E4AAD7F0015A19C = {
						CreatedOnToolsVersion = 16.4;
						TestTargetID = 1A2D35DF2E4AAD7D0015A19C;
					};
					1A2D360D2E4AADF00015A19C = {
						CreatedOnToolsVersion = 16.4;
					};
				};
			};
			buildConfigurationList = 1A2D35DB2E4AAD7D0015A19C /* Build configuration list for PBXProject "RedPandaShuangpin" */;
			developmentRegion = en;
			hasScannedForEncodings = 0;
			knownRegions = (
				en,
				Base,
			);
			mainGroup = 1A2D35D72E4AAD7D0015A19C;
			minimizedProjectReferenceProxies = 1;
			preferredProjectObjectVersion = 77;
			productRefGroup = 1A2D35E12E4AAD7D0015A19C /* Products */;
			projectDirPath = "";
			projectRoot = "";
			targets = (
				1A2D35DF2E4AAD7D0015A19C /* RedPandaShuangpin */,
				1A2D35EC2E4AAD7F0015A19C /* RedPandaShuangpinTests */,
				1A2D35F62E4AAD7F0015A19C /* RedPandaShuangpinUITests */,
				1A2D360D2E4AADF00015A19C /* RPKeyboard */,
			);
		};
/* End PBXProject section */

/* Begin PBXResourcesBuildPhase section */
		1A2D35DE2E4AAD7D0015A19C /* Resources */ = {
			isa = PBXResourcesBuildPhase;
			buildActionMask = 2147483647;
			files = (
			);
			runOnlyForDeploymentPostprocessing = 0;
		};
		1A2D35EB2E4AAD7F0015A19C /* Resources */ = {
			isa = PBXResourcesBuildPhase;
			buildActionMask = 2147483647;
			files = (
			);
			runOnlyForDeploymentPostprocessing = 0;
		};
		1A2D35F52E4AAD7F0015A19C /* Resources */ = {
			isa = PBXResourcesBuildPhase;
			buildActionMask = 2147483647;
			files = (
			);
			runOnlyForDeploymentPostprocessing = 0;
		};
		1A2D360C2E4AADF00015A19C /* Resources */ = {
			isa = PBXResourcesBuildPhase;
			buildActionMask = 2147483647;
			files = (
			);
			runOnlyForDeploymentPostprocessing = 0;
		};
/* End PBXResourcesBuildPhase section */

/* Begin PBXSourcesBuildPhase section */
		1A2D35DC2E4AAD7D0015A19C /* Sources */ = {
			isa = PBXSourcesBuildPhase;
			buildActionMask = 2147483647;
			files = (
			);
			runOnlyForDeploymentPostprocessing = 0;
		};
		1A2D35E92E4AAD7F0015A19C /* Sources */ = {
			isa = PBXSourcesBuildPhase;
			buildActionMask = 2147483647;
			files = (
			);
			runOnlyForDeploymentPostprocessing = 0;
		};
		1A2D35F32E4AAD7F0015A19C /* Sources */ = {
			isa = PBXSourcesBuildPhase;
			buildActionMask = 2147483647;
			files = (
			);
			runOnlyForDeploymentPostprocessing = 0;
		};
		1A2D360A2E4AADF00015A19C /* Sources */ = {
			isa = PBXSourcesBuildPhase;
			buildActionMask = 2147483647;
			files = (
			);
			runOnlyForDeploymentPostprocessing = 0;
		};
/* End PBXSourcesBuildPhase section */

/* Begin PBXTargetDependency section */
		1A2D35EF2E4AAD7F0015A19C /* PBXTargetDependency */ = {
			isa = PBXTargetDependency;
			target = 1A2D35DF2E4AAD7D0015A19C /* RedPandaShuangpin */;
			targetProxy = 1A2D35EE2E4AAD7F0015A19C /* PBXContainerItemProxy */;
		};
		1A2D35F92E4AAD7F0015A19C /* PBXTargetDependency */ = {
			isa = PBXTargetDependency;
			target = 1A2D35DF2E4AAD7D0015A19C /* RedPandaShuangpin */;
			targetProxy = 1A2D35F82E4AAD7F0015A19C /* PBXContainerItemProxy */;
		};
		1A2D36142E4AADF00015A19C /* PBXTargetDependency */ = {
			isa = PBXTargetDependency;
			target = 1A2D360D2E4AADF00015A19C /* RPKeyboard */;
			targetProxy = 1A2D36132E4AADF00015A19C /* PBXContainerItemProxy */;
		};
/* End PBXTargetDependency section */

/* Begin XCBuildConfiguration section */
		1A2D35FF2E4AAD7F0015A19C /* Debug */ = {
			isa = XCBuildConfiguration;
			buildSettings = {
				ALWAYS_SEARCH_USER_PATHS = NO;
				ASSETCATALOG_COMPILER_GENERATE_SWIFT_ASSET_SYMBOL_EXTENSIONS = YES;
				CLANG_ANALYZER_NONNULL = YES;
				CLANG_ANALYZER_NUMBER_OBJECT_CONVERSION = YES_AGGRESSIVE;
				CLANG_CXX_LANGUAGE_STANDARD = "gnu++20";
				CLANG_ENABLE_MODULES = YES;
				CLANG_ENABLE_OBJC_ARC = YES;
				CLANG_ENABLE_OBJC_WEAK = YES;
				CLANG_WARN_BLOCK_CAPTURE_AUTORELEASING = YES;
				CLANG_WARN_BOOL_CONVERSION = YES;
				CLANG_WARN_COMMA = YES;
				CLANG_WARN_CONSTANT_CONVERSION = YES;
				CLANG_WARN_DEPRECATED_OBJC_IMPLEMENTATIONS = YES;
				CLANG_WARN_DIRECT_OBJC_ISA_USAGE = YES_ERROR;
				CLANG_WARN_DOCUMENTATION_COMMENTS = YES;
				CLANG_WARN_EMPTY_BODY = YES;
				CLANG_WARN_ENUM_CONVERSION = YES;
				CLANG_WARN_INFINITE_RECURSION = YES;
				CLANG_WARN_INT_CONVERSION = YES;
				CLANG_WARN_NON_LITERAL_NULL_CONVERSION = YES;
				CLANG_WARN_OBJC_IMPLICIT_RETAIN_SELF = YES;
				CLANG_WARN_OBJC_LITERAL_CONVERSION = YES;
				CLANG_WARN_OBJC_ROOT_CLASS = YES_ERROR;
				CLANG_WARN_QUOTED_INCLUDE_IN_FRAMEWORK_HEADER = YES;
				CLANG_WARN_RANGE_LOOP_ANALYSIS = YES;
				CLANG_WARN_STRICT_PROTOTYPES = YES;
				CLANG_WARN_SUSPICIOUS_MOVE = YES;
				CLANG_WARN_UNGUARDED_AVAILABILITY = YES_AGGRESSIVE;
				CLANG_WARN_UNREACHABLE_CODE = YES;
				CLANG_WARN__DUPLICATE_METHOD_MATCH = YES;
				COPY_PHASE_STRIP = NO;
				DEBUG_INFORMATION_FORMAT = dwarf;
				ENABLE_STRICT_OBJC_MSGSEND = YES;
				ENABLE_TESTABILITY = YES;
				ENABLE_USER_SCRIPT_SANDBOXING = YES;
				GCC_C_LANGUAGE_STANDARD = gnu17;
				GCC_DYNAMIC_NO_PIC = NO;
				GCC_NO_COMMON_BLOCKS = YES;
				GCC_OPTIMIZATION_LEVEL = 0;
				GCC_PREPROCESSOR_DEFINITIONS = (
					"DEBUG=1",
					"$(inherited)",
				);
				GCC_WARN_64_TO_32_BIT_CONVERSION = YES;
				GCC_WARN_ABOUT_RETURN_TYPE = YES_ERROR;
				GCC_WARN_UNDECLARED_SELECTOR = YES;
				GCC_WARN_UNINITIALIZED_AUTOS = YES_AGGRESSIVE;
				GCC_WARN_UNUSED_FUNCTION = YES;
				GCC_WARN_UNUSED_VARIABLE = YES;
				IPHONEOS_DEPLOYMENT_TARGET = 18.5;
				LOCALIZATION_PREFERS_STRING_CATALOGS = YES;
				MTL_ENABLE_DEBUG_INFO = INCLUDE_SOURCE;
				MTL_FAST_MATH = YES;
				ONLY_ACTIVE_ARCH = YES;
				SDKROOT = iphoneos;
				SWIFT_ACTIVE_COMPILATION_CONDITIONS = "DEBUG $(inherited)";
				SWIFT_OPTIMIZATION_LEVEL = "-Onone";
			};
			name = Debug;
		};
		1A2D36002E4AAD7F0015A19C /* Release */ = {
			isa = XCBuildConfiguration;
			buildSettings = {
				ALWAYS_SEARCH_USER_PATHS = NO;
				ASSETCATALOG_COMPILER_GENERATE_SWIFT_ASSET_SYMBOL_EXTENSIONS = YES;
				CLANG_ANALYZER_NONNULL = YES;
				CLANG_ANALYZER_NUMBER_OBJECT_CONVERSION = YES_AGGRESSIVE;
				CLANG_CXX_LANGUAGE_STANDARD = "gnu++20";
				CLANG_ENABLE_MODULES = YES;
				CLANG_ENABLE_OBJC_ARC = YES;
				CLANG_ENABLE_OBJC_WEAK = YES;
				CLANG_WARN_BLOCK_CAPTURE_AUTORELEASING = YES;
				CLANG_WARN_BOOL_CONVERSION = YES;
				CLANG_WARN_COMMA = YES;
				CLANG_WARN_CONSTANT_CONVERSION = YES;
				CLANG_WARN_DEPRECATED_OBJC_IMPLEMENTATIONS = YES;
				CLANG_WARN_DIRECT_OBJC_ISA_USAGE = YES_ERROR;
				CLANG_WARN_DOCUMENTATION_COMMENTS = YES;
				CLANG_WARN_EMPTY_BODY = YES;
				CLANG_WARN_ENUM_CONVERSION = YES;
				CLANG_WARN_INFINITE_RECURSION = YES;
				CLANG_WARN_INT_CONVERSION = YES;
				CLANG_WARN_NON_LITERAL_NULL_CONVERSION = YES;
				CLANG_WARN_OBJC_IMPLICIT_RETAIN_SELF = YES;
				CLANG_WARN_OBJC_LITERAL_CONVERSION = YES;
				CLANG_WARN_OBJC_ROOT_CLASS = YES_ERROR;
				CLANG_WARN_QUOTED_INCLUDE_IN_FRAMEWORK_HEADER = YES;
				CLANG_WARN_RANGE_LOOP_ANALYSIS = YES;
				CLANG_WARN_STRICT_PROTOTYPES = YES;
				CLANG_WARN_SUSPICIOUS_MOVE = YES;
				CLANG_WARN_UNGUARDED_AVAILABILITY = YES_AGGRESSIVE;
				CLANG_WARN_UNREACHABLE_CODE = YES;
				CLANG_WARN__DUPLICATE_METHOD_MATCH = YES;
				COPY_PHASE_STRIP = NO;
				DEBUG_INFORMATION_FORMAT = "dwarf-with-dsym";
				ENABLE_NS_ASSERTIONS = NO;
				ENABLE_STRICT_OBJC_MSGSEND = YES;
				ENABLE_USER_SCRIPT_SANDBOXING = YES;
				GCC_C_LANGUAGE_STANDARD = gnu17;
				GCC_NO_COMMON_BLOCKS = YES;
				GCC_WARN_64_TO_32_BIT_CONVERSION = YES;
				GCC_WARN_ABOUT_RETURN_TYPE = YES_ERROR;
				GCC_WARN_UNDECLARED_SELECTOR = YES;
				GCC_WARN_UNINITIALIZED_AUTOS = YES_AGGRESSIVE;
				GCC_WARN_UNUSED_FUNCTION = YES;
				GCC_WARN_UNUSED_VARIABLE = YES;
				IPHONEOS_DEPLOYMENT_TARGET = 18.5;
				LOCALIZATION_PREFERS_STRING_CATALOGS = YES;
				MTL_ENABLE_DEBUG_INFO = NO;
				MTL_FAST_MATH = YES;
				SDKROOT = iphoneos;
				SWIFT_COMPILATION_MODE = wholemodule;
				VALIDATE_PRODUCT = YES;
			};
			name = Release;
		};
		1A2D36022E4AAD7F0015A19C /* Debug */ = {
			isa = XCBuildConfiguration;
			buildSettings = {
				ASSETCATALOG_COMPILER_APPICON_NAME = AppIcon;
				ASSETCATALOG_COMPILER_GLOBAL_ACCENT_COLOR_NAME = AccentColor;
				CODE_SIGN_STYLE = Automatic;
				CURRENT_PROJECT_VERSION = 1;
				ENABLE_PREVIEWS = YES;
				GENERATE_INFOPLIST_FILE = YES;
				INFOPLIST_KEY_CFBundleDisplayName = "小能双拼";
				INFOPLIST_KEY_UIApplicationSceneManifest_Generation = YES;
				INFOPLIST_KEY_UIApplicationSupportsIndirectInputEvents = YES;
				INFOPLIST_KEY_UILaunchScreen_Generation = YES;
				INFOPLIST_KEY_UISupportedInterfaceOrientations_iPad = "UIInterfaceOrientationPortrait UIInterfaceOrientationPortraitUpsideDown UIInterfaceOrientationLandscapeLeft UIInterfaceOrientationLandscapeRight";
				INFOPLIST_KEY_UISupportedInterfaceOrientations_iPhone = "UIInterfaceOrientationPortrait UIInterfaceOrientationLandscapeLeft UIInterfaceOrientationLandscapeRight";
				LD_RUNPATH_SEARCH_PATHS = (
					"$(inherited)",
					"@executable_path/Frameworks",
				);
				MARKETING_VERSION = 1.0;
				PRODUCT_BUNDLE_IDENTIFIER = com.mofumochi.RedPandaShuangpin;
				PRODUCT_NAME = "$(TARGET_NAME)";
				SWIFT_EMIT_LOC_STRINGS = YES;
				SWIFT_VERSION = 5.0;
				TARGETED_DEVICE_FAMILY = "1,2";
			};
			name = Debug;
		};
		1A2D36032E4AAD7F0015A19C /* Release */ = {
			isa = XCBuildConfiguration;
			buildSettings = {
				ASSETCATALOG_COMPILER_APPICON_NAME = AppIcon;
				ASSETCATALOG_COMPILER_GLOBAL_ACCENT_COLOR_NAME = AccentColor;
				CODE_SIGN_STYLE = Automatic;
				CURRENT_PROJECT_VERSION = 1;
				ENABLE_PREVIEWS = YES;
				GENERATE_INFOPLIST_FILE = YES;
				INFOPLIST_KEY_CFBundleDisplayName = "小能双拼";
				INFOPLIST_KEY_UIApplicationSceneManifest_Generation = YES;
				INFOPLIST_KEY_UIApplicationSupportsIndirectInputEvents = YES;
				INFOPLIST_KEY_UILaunchScreen_Generation = YES;
				INFOPLIST_KEY_UISupportedInterfaceOrientations_iPad = "UIInterfaceOrientationPortrait UIInterfaceOrientationPortraitUpsideDown UIInterfaceOrientationLandscapeLeft UIInterfaceOrientationLandscapeRight";
				INFOPLIST_KEY_UISupportedInterfaceOrientations_iPhone = "UIInterfaceOrientationPortrait UIInterfaceOrientationLandscapeLeft UIInterfaceOrientationLandscapeRight";
				LD_RUNPATH_SEARCH_PATHS = (
					"$(inherited)",
					"@executable_path/Frameworks",
				);
				MARKETING_VERSION = 1.0;
				PRODUCT_BUNDLE_IDENTIFIER = com.mofumochi.RedPandaShuangpin;
				PRODUCT_NAME = "$(TARGET_NAME)";
				SWIFT_EMIT_LOC_STRINGS = YES;
				SWIFT_VERSION = 5.0;
				TARGETED_DEVICE_FAMILY = "1,2";
			};
			name = Release;
		};
		1A2D36052E4AAD7F0015A19C /* Debug */ = {
			isa = XCBuildConfiguration;
			buildSettings = {
				BUNDLE_LOADER = "$(TEST_HOST)";
				CODE_SIGN_STYLE = Automatic;
				CURRENT_PROJECT_VERSION = 1;
				GENERATE_INFOPLIST_FILE = YES;
				IPHONEOS_DEPLOYMENT_TARGET = 18.5;
				MARKETING_VERSION = 1.0;
				PRODUCT_BUNDLE_IDENTIFIER = com.mofumochi.RedPandaShuangpinTests;
				PRODUCT_NAME = "$(TARGET_NAME)";
				SWIFT_EMIT_LOC_STRINGS = NO;
				SWIFT_VERSION = 5.0;
				TARGETED_DEVICE_FAMILY = "1,2";
				TEST_HOST = "$(BUILT_PRODUCTS_DIR)/RedPandaShuangpin.app/$(BUNDLE_EXECUTABLE_FOLDER_PATH)/RedPandaShuangpin";
			};
			name = Debug;
		};
		1A2D36062E4AAD7F0015A19C /* Release */ = {
			isa = XCBuildConfiguration;
			buildSettings = {
				BUNDLE_LOADER = "$(TEST_HOST)";
				CODE_SIGN_STYLE = Automatic;
				CURRENT_PROJECT_VERSION = 1;
				GENERATE_INFOPLIST_FILE = YES;
				IPHONEOS_DEPLOYMENT_TARGET = 18.5;
				MARKETING_VERSION = 1.0;
				PRODUCT_BUNDLE_IDENTIFIER = com.mofumochi.RedPandaShuangpinTests;
				PRODUCT_NAME = "$(TARGET_NAME)";
				SWIFT_EMIT_LOC_STRINGS = NO;
				SWIFT_VERSION = 5.0;
				TARGETED_DEVICE_FAMILY = "1,2";
				TEST_HOST = "$(BUILT_PRODUCTS_DIR)/RedPandaShuangpin.app/$(BUNDLE_EXECUTABLE_FOLDER_PATH)/RedPandaShuangpin";
			};
			name = Release;
		};
		1A2D36082E4AAD7F0015A19C /* Debug */ = {
			isa = XCBuildConfiguration;
			buildSettings = {
				CODE_SIGN_STYLE = Automatic;
				CURRENT_PROJECT_VERSION = 1;
				GENERATE_INFOPLIST_FILE = YES;
				MARKETING_VERSION = 1.0;
				PRODUCT_BUNDLE_IDENTIFIER = com.mofumochi.RedPandaShuangpinUITests;
				PRODUCT_NAME = "$(TARGET_NAME)";
				SWIFT_EMIT_LOC_STRINGS = NO;
				SWIFT_VERSION = 5.0;
				TARGETED_DEVICE_FAMILY = "1,2";
				TEST_TARGET_NAME = RedPandaShuangpin;
			};
			name = Debug;
		};
		1A2D36092E4AAD7F0015A19C /* Release */ = {
			isa = XCBuildConfiguration;
			buildSettings = {
				CODE_SIGN_STYLE = Automatic;
				CURRENT_PROJECT_VERSION = 1;
				GENERATE_INFOPLIST_FILE = YES;
				MARKETING_VERSION = 1.0;
				PRODUCT_BUNDLE_IDENTIFIER = com.mofumochi.RedPandaShuangpinUITests;
				PRODUCT_NAME = "$(TARGET_NAME)";
				SWIFT_EMIT_LOC_STRINGS = NO;
				SWIFT_VERSION = 5.0;
				TARGETED_DEVICE_FAMILY = "1,2";
				TEST_TARGET_NAME = RedPandaShuangpin;
			};
			name = Release;
		};
		1A2D36182E4AADF00015A19C /* Debug */ = {
			isa = XCBuildConfiguration;
			buildSettings = {
				CODE_SIGN_STYLE = Automatic;
				CURRENT_PROJECT_VERSION = 1;
				GENERATE_INFOPLIST_FILE = YES;
				INFOPLIST_FILE = RPKeyboard/Info.plist;
				INFOPLIST_KEY_CFBundleDisplayName = "小能双拼";
				INFOPLIST_KEY_NSHumanReadableCopyright = "";
				LD_RUNPATH_SEARCH_PATHS = (
					"$(inherited)",
					"@executable_path/Frameworks",
					"@executable_path/../../Frameworks",
				);
				MARKETING_VERSION = 1.0;
				PRODUCT_BUNDLE_IDENTIFIER = com.mofumochi.RedPandaShuangpin.RPKeyboard;
				PRODUCT_NAME = "$(TARGET_NAME)";
				SKIP_INSTALL = YES;
				SWIFT_EMIT_LOC_STRINGS = YES;
				SWIFT_VERSION = 5.0;
				TARGETED_DEVICE_FAMILY = "1,2";
			};
			name = Debug;
		};
		1A2D36192E4AADF00015A19C /* Release */ = {
			isa = XCBuildConfiguration;
			buildSettings = {
				CODE_SIGN_STYLE = Automatic;
				CURRENT_PROJECT_VERSION = 1;
				GENERATE_INFOPLIST_FILE = YES;
				INFOPLIST_FILE = RPKeyboard/Info.plist;
				INFOPLIST_KEY_CFBundleDisplayName = "小能双拼";
				INFOPLIST_KEY_NSHumanReadableCopyright = "";
				LD_RUNPATH_SEARCH_PATHS = (
					"$(inherited)",
					"@executable_path/Frameworks",
					"@executable_path/../../Frameworks",
				);
				MARKETING_VERSION = 1.0;
				PRODUCT_BUNDLE_IDENTIFIER = com.mofumochi.RedPandaShuangpin.RPKeyboard;
				PRODUCT_NAME = "$(TARGET_NAME)";
				SKIP_INSTALL = YES;
				SWIFT_EMIT_LOC_STRINGS = YES;
				SWIFT_VERSION = 5.0;
				TARGETED_DEVICE_FAMILY = "1,2";
			};
			name = Release;
		};
/* End XCBuildConfiguration section */

/* Begin XCConfigurationList section */
		1A2D35DB2E4AAD7D0015A19C /* Build configuration list for PBXProject "RedPandaShuangpin" */ = {
			isa = XCConfigurationList;
			buildConfigurations = (
				1A2D35FF2E4AAD7F0015A19C /* Debug */,
				1A2D36002E4AAD7F0015A19C /* Release */,
			);
			defaultConfigurationIsVisible = 0;
			defaultConfigurationName = Release;
		};
		1A2D36012E4AAD7F0015A19C /* Build configuration list for PBXNativeTarget "RedPandaShuangpin" */ = {
			isa = XCConfigurationList;
			buildConfigurations = (
				1A2D36022E4AAD7F0015A19C /* Debug */,
				1A2D36032E4AAD7F0015A19C /* Release */,
			);
			defaultConfigurationIsVisible = 0;
			defaultConfigurationName = Release;
		};
		1A2D36042E4AAD7F0015A19C /* Build configuration list for PBXNativeTarget "RedPandaShuangpinTests" */ = {
			isa = XCConfigurationList;
			buildConfigurations = (
				1A2D36052E4AAD7F0015A19C /* Debug */,
				1A2D36062E4AAD7F0015A19C /* Release */,
			);
			defaultConfigurationIsVisible = 0;
			defaultConfigurationName = Release;
		};
		1A2D36072E4AAD7F0015A19C /* Build configuration list for PBXNativeTarget "RedPandaShuangpinUITests" */ = {
			isa = XCConfigurationList;
			buildConfigurations = (
				1A2D36082E4AAD7F0015A19C /* Debug */,
				1A2D36092E4AAD7F0015A19C /* Release */,
			);
			defaultConfigurationIsVisible = 0;
			defaultConfigurationName = Release;
		};
		1A2D36172E4AADF00015A19C /* Build configuration list for PBXNativeTarget "RPKeyboard" */ = {
			isa = XCConfigurationList;
			buildConfigurations = (
				1A2D36182E4AADF00015A19C /* Debug */,
				1A2D36192E4AADF00015A19C /* Release */,
			);
			defaultConfigurationIsVisible = 0;
			defaultConfigurationName = Release;
		};
/* End XCConfigurationList section */
	};
	rootObject = 1A2D35D82E4AAD7D0015A19C /* Project object */;
}
